PODS:
  - Kiwi (3.0.0)
  - OpenSans (1.0.3)
  - Stencils (1.0.0)
  - "UIColor+FlatColors (1.0.0)"

DEPENDENCIES:
  - Kiwi
  - "OpenSans (from `git@github.com:mokagio/OpenSans`, commit `b505071bda9bf8bd21e75e0e3bfeda1b445aa4bc`)"
  - Stencils (from `.`)
  - "UIColor+FlatColors (= 1.0.0)"

SPEC REPOS:
  trunk:
    - Kiwi
    - "UIColor+FlatColors"

EXTERNAL SOURCES:
  OpenSans:
    :commit: b505071bda9bf8bd21e75e0e3bfeda1b445aa4bc
    :git: "git@github.com:mokagio/OpenSans"
  Stencils:
    :path: "."

CHECKOUT OPTIONS:
  OpenSans:
    :commit: b505071bda9bf8bd21e75e0e3bfeda1b445aa4bc
    :git: "git@github.com:mokagio/OpenSans"

SPEC CHECKSUMS:
  Kiwi: fbeafef0f00e4d8f7dcb3420a4930afe70af77f7
  OpenSans: be59f1f114f10fcf5f76f67406e170a133653b4a
  Stencils: 1b1b174c03bd852be6aeab67b98d7d99baac9d94
  "UIColor+FlatColors": 23b11d9273fb0fdec2d2fa3b3a2e1bee5f5bfd6a

PODFILE CHECKSUM: 7c5d7b986817f4e6615425529ae2c43f0caeca5a

COCOAPODS: 1.13.0
