PODS:
  - Kiwi/ARC (2.2.3)
  - Kiwi/NonARC (2.2.3)
  - Kiwi/XCTest (2.2.3):
    - Kiwi/ARC
    - Kiwi/NonARC
  - OpenSans (1.0.0)
  - Stencils (1.0.0)
  - UIColor+FlatColors (0.0.1)

DEPENDENCIES:
  - Kiwi/XCTest
  - OpenSans (= 1.0.0)
  - Stencils (from `.`)
  - UIColor+FlatColors (= 0.0.1)

EXTERNAL SOURCES:
  Stencils:
    :path: .

SPEC CHECKSUMS:
  Kiwi: 04c51e880831d291748ec702d42c4101f7eb95c9
  OpenSans: ba92552b9df0333c4f4dab5c0105f55594a6cf9c
  Stencils: 755d226ad423982edf0efaf3348985052ea2bf07
  UIColor+FlatColors: 417fbe0894c1da0e7ab6505e1409a26052caa75f

COCOAPODS: 0.32.1
