PODS:
  - Kiwi (2.0.6)
  - MTFontIcon (1.0.0)
  - OCMock (2.1.1)

DEPENDENCIES:
  - Kiwi (~> 2.0.6)
  - MTFontIcon (from `../`)
  - OCMock (~> 2.1.1)

EXTERNAL SOURCES:
  MTFontIcon:
    :path: ../

SPEC CHECKSUMS:
  Kiwi: 56082a80f942de4d10423d8d8a599ab30cf50228
  MTFontIcon: 6d32a1bfe7b2fae5ce59e61ba5dc2b19c028f1d6
  OCMock: 79212e5e328378af5cfd6edb5feacfd6c49cd8a3

COCOAPODS: 0.24.0
