// !$*UTF8*$!
{
	archiveVersion = 1;
	classes = {
	};
	objectVersion = 46;
	objects = {

/* Begin PBXBuildFile section */
		3F1EDF8B17BB7078008322B4 /* UIKit.framework in Frameworks */ = {isa = PBXBuildFile; fileRef = 3F1EDF8A17BB7078008322B4 /* UIKit.framework */; };
		3F1EDF8D17BB7078008322B4 /* Foundation.framework in Frameworks */ = {isa = PBXBuildFile; fileRef = 3F1EDF8C17BB7078008322B4 /* Foundation.framework */; };
		3F1EDF8F17BB7078008322B4 /* CoreGraphics.framework in Frameworks */ = {isa = PBXBuildFile; fileRef = 3F1EDF8E17BB7078008322B4 /* CoreGraphics.framework */; };
		3F1EDF9517BB7078008322B4 /* InfoPlist.strings in Resources */ = {isa = PBXBuildFile; fileRef = 3F1EDF9317BB7078008322B4 /* InfoPlist.strings */; };
		3F1EDF9717BB7078008322B4 /* main.m in Sources */ = {isa = PBXBuildFile; fileRef = 3F1EDF9617BB7078008322B4 /* main.m */; };
		3F1EDF9B17BB7078008322B4 /* MTAppDelegate.m in Sources */ = {isa = PBXBuildFile; fileRef = 3F1EDF9A17BB7078008322B4 /* MTAppDelegate.m */; };
		3F1EDF9D17BB7078008322B4 /* Default.png in Resources */ = {isa = PBXBuildFile; fileRef = 3F1EDF9C17BB7078008322B4 /* Default.png */; };
		3F1EDF9F17BB7078008322B4 /* Default@2x.png in Resources */ = {isa = PBXBuildFile; fileRef = 3F1EDF9E17BB7078008322B4 /* Default@2x.png */; };
		3F1EDFA117BB7078008322B4 /* Default-568h@2x.png in Resources */ = {isa = PBXBuildFile; fileRef = 3F1EDFA017BB7078008322B4 /* Default-568h@2x.png */; };
		3F1EDFA417BB7078008322B4 /* MTViewController.m in Sources */ = {isa = PBXBuildFile; fileRef = 3F1EDFA317BB7078008322B4 /* MTViewController.m */; };
		3F1EDFA717BB7078008322B4 /* MTViewController_iPhone.xib in Resources */ = {isa = PBXBuildFile; fileRef = 3F1EDFA517BB7078008322B4 /* MTViewController_iPhone.xib */; };
		3F1EDFAA17BB7078008322B4 /* MTViewController_iPad.xib in Resources */ = {isa = PBXBuildFile; fileRef = 3F1EDFA817BB7078008322B4 /* MTViewController_iPad.xib */; };
		3F1EDFB317BB7093008322B4 /* MTFontIconFactory.m in Sources */ = {isa = PBXBuildFile; fileRef = 3F1EDFB217BB7093008322B4 /* MTFontIconFactory.m */; };
/* End PBXBuildFile section */

/* Begin PBXFileReference section */
		3F1EDF8717BB7078008322B4 /* Example.app */ = {isa = PBXFileReference; explicitFileType = wrapper.application; includeInIndex = 0; path = Example.app; sourceTree = BUILT_PRODUCTS_DIR; };
		3F1EDF8A17BB7078008322B4 /* UIKit.framework */ = {isa = PBXFileReference; lastKnownFileType = wrapper.framework; name = UIKit.framework; path = System/Library/Frameworks/UIKit.framework; sourceTree = SDKROOT; };
		3F1EDF8C17BB7078008322B4 /* Foundation.framework */ = {isa = PBXFileReference; lastKnownFileType = wrapper.framework; name = Foundation.framework; path = System/Library/Frameworks/Foundation.framework; sourceTree = SDKROOT; };
		3F1EDF8E17BB7078008322B4 /* CoreGraphics.framework */ = {isa = PBXFileReference; lastKnownFileType = wrapper.framework; name = CoreGraphics.framework; path = System/Library/Frameworks/CoreGraphics.framework; sourceTree = SDKROOT; };
		3F1EDF9217BB7078008322B4 /* Example-Info.plist */ = {isa = PBXFileReference; lastKnownFileType = text.plist.xml; path = "Example-Info.plist"; sourceTree = "<group>"; };
		3F1EDF9417BB7078008322B4 /* en */ = {isa = PBXFileReference; lastKnownFileType = text.plist.strings; name = en; path = en.lproj/InfoPlist.strings; sourceTree = "<group>"; };
		3F1EDF9617BB7078008322B4 /* main.m */ = {isa = PBXFileReference; lastKnownFileType = sourcecode.c.objc; path = main.m; sourceTree = "<group>"; };
		3F1EDF9817BB7078008322B4 /* Example-Prefix.pch */ = {isa = PBXFileReference; lastKnownFileType = sourcecode.c.h; path = "Example-Prefix.pch"; sourceTree = "<group>"; };
		3F1EDF9917BB7078008322B4 /* MTAppDelegate.h */ = {isa = PBXFileReference; lastKnownFileType = sourcecode.c.h; path = MTAppDelegate.h; sourceTree = "<group>"; };
		3F1EDF9A17BB7078008322B4 /* MTAppDelegate.m */ = {isa = PBXFileReference; lastKnownFileType = sourcecode.c.objc; path = MTAppDelegate.m; sourceTree = "<group>"; };
		3F1EDF9C17BB7078008322B4 /* Default.png */ = {isa = PBXFileReference; lastKnownFileType = image.png; path = Default.png; sourceTree = "<group>"; };
		3F1EDF9E17BB7078008322B4 /* Default@2x.png */ = {isa = PBXFileReference; lastKnownFileType = image.png; path = "Default@2x.png"; sourceTree = "<group>"; };
		3F1EDFA017BB7078008322B4 /* Default-568h@2x.png */ = {isa = PBXFileReference; lastKnownFileType = image.png; path = "Default-568h@2x.png"; sourceTree = "<group>"; };
		3F1EDFA217BB7078008322B4 /* MTViewController.h */ = {isa = PBXFileReference; lastKnownFileType = sourcecode.c.h; path = MTViewController.h; sourceTree = "<group>"; };
		3F1EDFA317BB7078008322B4 /* MTViewController.m */ = {isa = PBXFileReference; lastKnownFileType = sourcecode.c.objc; path = MTViewController.m; sourceTree = "<group>"; };
		3F1EDFA617BB7078008322B4 /* en */ = {isa = PBXFileReference; lastKnownFileType = file.xib; name = en; path = en.lproj/MTViewController_iPhone.xib; sourceTree = "<group>"; };
		3F1EDFA917BB7078008322B4 /* en */ = {isa = PBXFileReference; lastKnownFileType = file.xib; name = en; path = en.lproj/MTViewController_iPad.xib; sourceTree = "<group>"; };
		3F1EDFB117BB7093008322B4 /* MTFontIconFactory.h */ = {isa = PBXFileReference; fileEncoding = 4; lastKnownFileType = sourcecode.c.h; path = MTFontIconFactory.h; sourceTree = "<group>"; };
		3F1EDFB217BB7093008322B4 /* MTFontIconFactory.m */ = {isa = PBXFileReference; fileEncoding = 4; lastKnownFileType = sourcecode.c.objc; path = MTFontIconFactory.m; sourceTree = "<group>"; };
/* End PBXFileReference section */

/* Begin PBXFrameworksBuildPhase section */
		3F1EDF8417BB7078008322B4 /* Frameworks */ = {
			isa = PBXFrameworksBuildPhase;
			buildActionMask = 2147483647;
			files = (
				3F1EDF8B17BB7078008322B4 /* UIKit.framework in Frameworks */,
				3F1EDF8D17BB7078008322B4 /* Foundation.framework in Frameworks */,
				3F1EDF8F17BB7078008322B4 /* CoreGraphics.framework in Frameworks */,
			);
			runOnlyForDeploymentPostprocessing = 0;
		};
/* End PBXFrameworksBuildPhase section */

/* Begin PBXGroup section */
		3F1EDF7E17BB7078008322B4 = {
			isa = PBXGroup;
			children = (
				3F1EDFB017BB7093008322B4 /* MTFontIcon */,
				3F1EDF9017BB7078008322B4 /* Example */,
				3F1EDF8917BB7078008322B4 /* Frameworks */,
				3F1EDF8817BB7078008322B4 /* Products */,
			);
			sourceTree = "<group>";
		};
		3F1EDF8817BB7078008322B4 /* Products */ = {
			isa = PBXGroup;
			children = (
				3F1EDF8717BB7078008322B4 /* Example.app */,
			);
			name = Products;
			sourceTree = "<group>";
		};
		3F1EDF8917BB7078008322B4 /* Frameworks */ = {
			isa = PBXGroup;
			children = (
				3F1EDF8A17BB7078008322B4 /* UIKit.framework */,
				3F1EDF8C17BB7078008322B4 /* Foundation.framework */,
				3F1EDF8E17BB7078008322B4 /* CoreGraphics.framework */,
			);
			name = Frameworks;
			sourceTree = "<group>";
		};
		3F1EDF9017BB7078008322B4 /* Example */ = {
			isa = PBXGroup;
			children = (
				3F1EDF9917BB7078008322B4 /* MTAppDelegate.h */,
				3F1EDF9A17BB7078008322B4 /* MTAppDelegate.m */,
				3F1EDFA217BB7078008322B4 /* MTViewController.h */,
				3F1EDFA317BB7078008322B4 /* MTViewController.m */,
				3F1EDFA517BB7078008322B4 /* MTViewController_iPhone.xib */,
				3F1EDFA817BB7078008322B4 /* MTViewController_iPad.xib */,
				3F1EDF9117BB7078008322B4 /* Supporting Files */,
			);
			path = Example;
			sourceTree = "<group>";
		};
		3F1EDF9117BB7078008322B4 /* Supporting Files */ = {
			isa = PBXGroup;
			children = (
				3F1EDF9217BB7078008322B4 /* Example-Info.plist */,
				3F1EDF9317BB7078008322B4 /* InfoPlist.strings */,
				3F1EDF9617BB7078008322B4 /* main.m */,
				3F1EDF9817BB7078008322B4 /* Example-Prefix.pch */,
				3F1EDF9C17BB7078008322B4 /* Default.png */,
				3F1EDF9E17BB7078008322B4 /* Default@2x.png */,
				3F1EDFA017BB7078008322B4 /* Default-568h@2x.png */,
			);
			name = "Supporting Files";
			sourceTree = "<group>";
		};
		3F1EDFB017BB7093008322B4 /* MTFontIcon */ = {
			isa = PBXGroup;
			children = (
				3F1EDFB117BB7093008322B4 /* MTFontIconFactory.h */,
				3F1EDFB217BB7093008322B4 /* MTFontIconFactory.m */,
			);
			name = MTFontIcon;
			path = ../../MTFontIcon;
			sourceTree = "<group>";
		};
/* End PBXGroup section */

/* Begin PBXNativeTarget section */
		3F1EDF8617BB7078008322B4 /* Example */ = {
			isa = PBXNativeTarget;
			buildConfigurationList = 3F1EDFAD17BB7078008322B4 /* Build configuration list for PBXNativeTarget "Example" */;
			buildPhases = (
				3F1EDF8317BB7078008322B4 /* Sources */,
				3F1EDF8417BB7078008322B4 /* Frameworks */,
				3F1EDF8517BB7078008322B4 /* Resources */,
			);
			buildRules = (
			);
			dependencies = (
			);
			name = Example;
			productName = Example;
			productReference = 3F1EDF8717BB7078008322B4 /* Example.app */;
			productType = "com.apple.product-type.application";
		};
/* End PBXNativeTarget section */

/* Begin PBXProject section */
		3F1EDF7F17BB7078008322B4 /* Project object */ = {
			isa = PBXProject;
			attributes = {
				CLASSPREFIX = MT;
				LastUpgradeCheck = 0460;
				ORGANIZATIONNAME = mokagio;
			};
			buildConfigurationList = 3F1EDF8217BB7078008322B4 /* Build configuration list for PBXProject "Example" */;
			compatibilityVersion = "Xcode 3.2";
			developmentRegion = English;
			hasScannedForEncodings = 0;
			knownRegions = (
				en,
			);
			mainGroup = 3F1EDF7E17BB7078008322B4;
			productRefGroup = 3F1EDF8817BB7078008322B4 /* Products */;
			projectDirPath = "";
			projectRoot = "";
			targets = (
				3F1EDF8617BB7078008322B4 /* Example */,
			);
		};
/* End PBXProject section */

/* Begin PBXResourcesBuildPhase section */
		3F1EDF8517BB7078008322B4 /* Resources */ = {
			isa = PBXResourcesBuildPhase;
			buildActionMask = 2147483647;
			files = (
				3F1EDF9517BB7078008322B4 /* InfoPlist.strings in Resources */,
				3F1EDF9D17BB7078008322B4 /* Default.png in Resources */,
				3F1EDF9F17BB7078008322B4 /* Default@2x.png in Resources */,
				3F1EDFA117BB7078008322B4 /* Default-568h@2x.png in Resources */,
				3F1EDFA717BB7078008322B4 /* MTViewController_iPhone.xib in Resources */,
				3F1EDFAA17BB7078008322B4 /* MTViewController_iPad.xib in Resources */,
			);
			runOnlyForDeploymentPostprocessing = 0;
		};
/* End PBXResourcesBuildPhase section */

/* Begin PBXSourcesBuildPhase section */
		3F1EDF8317BB7078008322B4 /* Sources */ = {
			isa = PBXSourcesBuildPhase;
			buildActionMask = 2147483647;
			files = (
				3F1EDF9717BB7078008322B4 /* main.m in Sources */,
				3F1EDF9B17BB7078008322B4 /* MTAppDelegate.m in Sources */,
				3F1EDFA417BB7078008322B4 /* MTViewController.m in Sources */,
				3F1EDFB317BB7093008322B4 /* MTFontIconFactory.m in Sources */,
			);
			runOnlyForDeploymentPostprocessing = 0;
		};
/* End PBXSourcesBuildPhase section */

/* Begin PBXVariantGroup section */
		3F1EDF9317BB7078008322B4 /* InfoPlist.strings */ = {
			isa = PBXVariantGroup;
			children = (
				3F1EDF9417BB7078008322B4 /* en */,
			);
			name = InfoPlist.strings;
			sourceTree = "<group>";
		};
		3F1EDFA517BB7078008322B4 /* MTViewController_iPhone.xib */ = {
			isa = PBXVariantGroup;
			children = (
				3F1EDFA617BB7078008322B4 /* en */,
			);
			name = MTViewController_iPhone.xib;
			sourceTree = "<group>";
		};
		3F1EDFA817BB7078008322B4 /* MTViewController_iPad.xib */ = {
			isa = PBXVariantGroup;
			children = (
				3F1EDFA917BB7078008322B4 /* en */,
			);
			name = MTViewController_iPad.xib;
			sourceTree = "<group>";
		};
/* End PBXVariantGroup section */

/* Begin XCBuildConfiguration section */
		3F1EDFAB17BB7078008322B4 /* Debug */ = {
			isa = XCBuildConfiguration;
			buildSettings = {
				ALWAYS_SEARCH_USER_PATHS = NO;
				CLANG_CXX_LANGUAGE_STANDARD = "gnu++0x";
				CLANG_CXX_LIBRARY = "libc++";
				CLANG_ENABLE_OBJC_ARC = YES;
				CLANG_WARN_CONSTANT_CONVERSION = YES;
				CLANG_WARN_EMPTY_BODY = YES;
				CLANG_WARN_ENUM_CONVERSION = YES;
				CLANG_WARN_INT_CONVERSION = YES;
				CLANG_WARN__DUPLICATE_METHOD_MATCH = YES;
				"CODE_SIGN_IDENTITY[sdk=iphoneos*]" = "iPhone Developer";
				COPY_PHASE_STRIP = NO;
				GCC_C_LANGUAGE_STANDARD = gnu99;
				GCC_DYNAMIC_NO_PIC = NO;
				GCC_OPTIMIZATION_LEVEL = 0;
				GCC_PREPROCESSOR_DEFINITIONS = (
					"DEBUG=1",
					"$(inherited)",
				);
				GCC_SYMBOLS_PRIVATE_EXTERN = NO;
				GCC_WARN_ABOUT_RETURN_TYPE = YES;
				GCC_WARN_UNINITIALIZED_AUTOS = YES;
				GCC_WARN_UNUSED_VARIABLE = YES;
				IPHONEOS_DEPLOYMENT_TARGET = 6.1;
				ONLY_ACTIVE_ARCH = YES;
				SDKROOT = iphoneos;
				TARGETED_DEVICE_FAMILY = "1,2";
			};
			name = Debug;
		};
		3F1EDFAC17BB7078008322B4 /* Release */ = {
			isa = XCBuildConfiguration;
			buildSettings = {
				ALWAYS_SEARCH_USER_PATHS = NO;
				CLANG_CXX_LANGUAGE_STANDARD = "gnu++0x";
				CLANG_CXX_LIBRARY = "libc++";
				CLANG_ENABLE_OBJC_ARC = YES;
				CLANG_WARN_CONSTANT_CONVERSION = YES;
				CLANG_WARN_EMPTY_BODY = YES;
				CLANG_WARN_ENUM_CONVERSION = YES;
				CLANG_WARN_INT_CONVERSION = YES;
				CLANG_WARN__DUPLICATE_METHOD_MATCH = YES;
				"CODE_SIGN_IDENTITY[sdk=iphoneos*]" = "iPhone Developer";
				COPY_PHASE_STRIP = YES;
				GCC_C_LANGUAGE_STANDARD = gnu99;
				GCC_WARN_ABOUT_RETURN_TYPE = YES;
				GCC_WARN_UNINITIALIZED_AUTOS = YES;
				GCC_WARN_UNUSED_VARIABLE = YES;
				IPHONEOS_DEPLOYMENT_TARGET = 6.1;
				OTHER_CFLAGS = "-DNS_BLOCK_ASSERTIONS=1";
				SDKROOT = iphoneos;
				TARGETED_DEVICE_FAMILY = "1,2";
				VALIDATE_PRODUCT = YES;
			};
			name = Release;
		};
		3F1EDFAE17BB7078008322B4 /* Debug */ = {
			isa = XCBuildConfiguration;
			buildSettings = {
				GCC_PRECOMPILE_PREFIX_HEADER = YES;
				GCC_PREFIX_HEADER = "Example/Example-Prefix.pch";
				INFOPLIST_FILE = "Example/Example-Info.plist";
				PRODUCT_NAME = "$(TARGET_NAME)";
				WRAPPER_EXTENSION = app;
			};
			name = Debug;
		};
		3F1EDFAF17BB7078008322B4 /* Release */ = {
			isa = XCBuildConfiguration;
			buildSettings = {
				GCC_PRECOMPILE_PREFIX_HEADER = YES;
				GCC_PREFIX_HEADER = "Example/Example-Prefix.pch";
				INFOPLIST_FILE = "Example/Example-Info.plist";
				PRODUCT_NAME = "$(TARGET_NAME)";
				WRAPPER_EXTENSION = app;
			};
			name = Release;
		};
/* End XCBuildConfiguration section */

/* Begin XCConfigurationList section */
		3F1EDF8217BB7078008322B4 /* Build configuration list for PBXProject "Example" */ = {
			isa = XCConfigurationList;
			buildConfigurations = (
				3F1EDFAB17BB7078008322B4 /* Debug */,
				3F1EDFAC17BB7078008322B4 /* Release */,
			);
			defaultConfigurationIsVisible = 0;
			defaultConfigurationName = Release;
		};
		3F1EDFAD17BB7078008322B4 /* Build configuration list for PBXNativeTarget "Example" */ = {
			isa = XCConfigurationList;
			buildConfigurations = (
				3F1EDFAE17BB7078008322B4 /* Debug */,
				3F1EDFAF17BB7078008322B4 /* Release */,
			);
			defaultConfigurationIsVisible = 0;
		};
/* End XCConfigurationList section */
	};
	rootObject = 3F1EDF7F17BB7078008322B4 /* Project object */;
}
