// !$*UTF8*$!
{
	archiveVersion = 1;
	classes = {
	};
	objectVersion = 46;
	objects = {

/* Begin PBXBuildFile section */
		3F03FE0B17BB9F0F001BF43F /* UIKit.framework in Frameworks */ = {isa = PBXBuildFile; fileRef = 3F03FE0A17BB9F0F001BF43F /* UIKit.framework */; };
		3F03FE0D17BB9F0F001BF43F /* Foundation.framework in Frameworks */ = {isa = PBXBuildFile; fileRef = 3F03FE0C17BB9F0F001BF43F /* Foundation.framework */; };
		3F03FE0F17BB9F0F001BF43F /* CoreGraphics.framework in Frameworks */ = {isa = PBXBuildFile; fileRef = 3F03FE0E17BB9F0F001BF43F /* CoreGraphics.framework */; };
		3F03FE1517BB9F0F001BF43F /* InfoPlist.strings in Resources */ = {isa = PBXBuildFile; fileRef = 3F03FE1317BB9F0F001BF43F /* InfoPlist.strings */; };
		3F03FE1717BB9F0F001BF43F /* main.m in Sources */ = {isa = PBXBuildFile; fileRef = 3F03FE1617BB9F0F001BF43F /* main.m */; };
		3F03FE1B17BB9F0F001BF43F /* MTAppDelegate.m in Sources */ = {isa = PBXBuildFile; fileRef = 3F03FE1A17BB9F0F001BF43F /* MTAppDelegate.m */; };
		3F03FE1D17BB9F0F001BF43F /* Default.png in Resources */ = {isa = PBXBuildFile; fileRef = 3F03FE1C17BB9F0F001BF43F /* Default.png */; };
		3F03FE1F17BB9F0F001BF43F /* Default@2x.png in Resources */ = {isa = PBXBuildFile; fileRef = 3F03FE1E17BB9F0F001BF43F /* Default@2x.png */; };
		3F03FE2117BB9F0F001BF43F /* Default-568h@2x.png in Resources */ = {isa = PBXBuildFile; fileRef = 3F03FE2017BB9F0F001BF43F /* Default-568h@2x.png */; };
		3F03FE2417BB9F0F001BF43F /* MTViewController.m in Sources */ = {isa = PBXBuildFile; fileRef = 3F03FE2317BB9F0F001BF43F /* MTViewController.m */; };
		3F03FE2717BB9F0F001BF43F /* MTViewController_iPhone.xib in Resources */ = {isa = PBXBuildFile; fileRef = 3F03FE2517BB9F0F001BF43F /* MTViewController_iPhone.xib */; };
		3F03FE2A17BB9F0F001BF43F /* MTViewController_iPad.xib in Resources */ = {isa = PBXBuildFile; fileRef = 3F03FE2817BB9F0F001BF43F /* MTViewController_iPad.xib */; };
		3F03FE3B17BBA015001BF43F /* icomoon.ttf in Resources */ = {isa = PBXBuildFile; fileRef = 3F03FE3A17BBA015001BF43F /* icomoon.ttf */; };
		3F03FE3D17BBAC81001BF43F /* Stencils.plist in Resources */ = {isa = PBXBuildFile; fileRef = 3F03FE3C17BBAC81001BF43F /* Stencils.plist */; };
		5C1ACDB1D57844D79451E6D4 /* libPods-Example.a in Frameworks */ = {isa = PBXBuildFile; fileRef = C170A358FC294A7B9D89B38E /* libPods-Example.a */; };
/* End PBXBuildFile section */

/* Begin PBXFileReference section */
		1B1B3D236A3A4995BA9162C8 /* Pods-Example.xcconfig */ = {isa = PBXFileReference; includeInIndex = 1; lastKnownFileType = text.xcconfig; name = "Pods-Example.xcconfig"; path = "../Pods/Pods-Example.xcconfig"; sourceTree = "<group>"; };
		3F03FE0717BB9F0F001BF43F /* Example.app */ = {isa = PBXFileReference; explicitFileType = wrapper.application; includeInIndex = 0; path = Example.app; sourceTree = BUILT_PRODUCTS_DIR; };
		3F03FE0A17BB9F0F001BF43F /* UIKit.framework */ = {isa = PBXFileReference; lastKnownFileType = wrapper.framework; name = UIKit.framework; path = System/Library/Frameworks/UIKit.framework; sourceTree = SDKROOT; };
		3F03FE0C17BB9F0F001BF43F /* Foundation.framework */ = {isa = PBXFileReference; lastKnownFileType = wrapper.framework; name = Foundation.framework; path = System/Library/Frameworks/Foundation.framework; sourceTree = SDKROOT; };
		3F03FE0E17BB9F0F001BF43F /* CoreGraphics.framework */ = {isa = PBXFileReference; lastKnownFileType = wrapper.framework; name = CoreGraphics.framework; path = System/Library/Frameworks/CoreGraphics.framework; sourceTree = SDKROOT; };
		3F03FE1217BB9F0F001BF43F /* Example-Info.plist */ = {isa = PBXFileReference; lastKnownFileType = text.plist.xml; path = "Example-Info.plist"; sourceTree = "<group>"; };
		3F03FE1417BB9F0F001BF43F /* en */ = {isa = PBXFileReference; lastKnownFileType = text.plist.strings; name = en; path = en.lproj/InfoPlist.strings; sourceTree = "<group>"; };
		3F03FE1617BB9F0F001BF43F /* main.m */ = {isa = PBXFileReference; lastKnownFileType = sourcecode.c.objc; path = main.m; sourceTree = "<group>"; };
		3F03FE1817BB9F0F001BF43F /* Example-Prefix.pch */ = {isa = PBXFileReference; lastKnownFileType = sourcecode.c.h; path = "Example-Prefix.pch"; sourceTree = "<group>"; };
		3F03FE1917BB9F0F001BF43F /* MTAppDelegate.h */ = {isa = PBXFileReference; lastKnownFileType = sourcecode.c.h; path = MTAppDelegate.h; sourceTree = "<group>"; };
		3F03FE1A17BB9F0F001BF43F /* MTAppDelegate.m */ = {isa = PBXFileReference; lastKnownFileType = sourcecode.c.objc; path = MTAppDelegate.m; sourceTree = "<group>"; };
		3F03FE1C17BB9F0F001BF43F /* Default.png */ = {isa = PBXFileReference; lastKnownFileType = image.png; path = Default.png; sourceTree = "<group>"; };
		3F03FE1E17BB9F0F001BF43F /* Default@2x.png */ = {isa = PBXFileReference; lastKnownFileType = image.png; path = "Default@2x.png"; sourceTree = "<group>"; };
		3F03FE2017BB9F0F001BF43F /* Default-568h@2x.png */ = {isa = PBXFileReference; lastKnownFileType = image.png; path = "Default-568h@2x.png"; sourceTree = "<group>"; };
		3F03FE2217BB9F0F001BF43F /* MTViewController.h */ = {isa = PBXFileReference; lastKnownFileType = sourcecode.c.h; path = MTViewController.h; sourceTree = "<group>"; };
		3F03FE2317BB9F0F001BF43F /* MTViewController.m */ = {isa = PBXFileReference; lastKnownFileType = sourcecode.c.objc; path = MTViewController.m; sourceTree = "<group>"; };
		3F03FE2617BB9F0F001BF43F /* en */ = {isa = PBXFileReference; lastKnownFileType = file.xib; name = en; path = en.lproj/MTViewController_iPhone.xib; sourceTree = "<group>"; };
		3F03FE2917BB9F0F001BF43F /* en */ = {isa = PBXFileReference; lastKnownFileType = file.xib; name = en; path = en.lproj/MTViewController_iPad.xib; sourceTree = "<group>"; };
		3F03FE3A17BBA015001BF43F /* icomoon.ttf */ = {isa = PBXFileReference; lastKnownFileType = file; path = icomoon.ttf; sourceTree = "<group>"; };
		3F03FE3C17BBAC81001BF43F /* Stencils.plist */ = {isa = PBXFileReference; fileEncoding = 4; lastKnownFileType = file.bplist; path = Stencils.plist; sourceTree = "<group>"; };
		C170A358FC294A7B9D89B38E /* libPods-Example.a */ = {isa = PBXFileReference; explicitFileType = archive.ar; includeInIndex = 0; path = "libPods-Example.a"; sourceTree = BUILT_PRODUCTS_DIR; };
/* End PBXFileReference section */

/* Begin PBXFrameworksBuildPhase section */
		3F03FE0417BB9F0F001BF43F /* Frameworks */ = {
			isa = PBXFrameworksBuildPhase;
			buildActionMask = 2147483647;
			files = (
				3F03FE0B17BB9F0F001BF43F /* UIKit.framework in Frameworks */,
				3F03FE0D17BB9F0F001BF43F /* Foundation.framework in Frameworks */,
				3F03FE0F17BB9F0F001BF43F /* CoreGraphics.framework in Frameworks */,
				5C1ACDB1D57844D79451E6D4 /* libPods-Example.a in Frameworks */,
			);
			runOnlyForDeploymentPostprocessing = 0;
		};
/* End PBXFrameworksBuildPhase section */

/* Begin PBXGroup section */
		3F03FDFE17BB9F0F001BF43F = {
			isa = PBXGroup;
			children = (
				3F03FE1017BB9F0F001BF43F /* Example */,
				3F03FE0917BB9F0F001BF43F /* Frameworks */,
				3F03FE0817BB9F0F001BF43F /* Products */,
				1B1B3D236A3A4995BA9162C8 /* Pods-Example.xcconfig */,
			);
			sourceTree = "<group>";
		};
		3F03FE0817BB9F0F001BF43F /* Products */ = {
			isa = PBXGroup;
			children = (
				3F03FE0717BB9F0F001BF43F /* Example.app */,
			);
			name = Products;
			sourceTree = "<group>";
		};
		3F03FE0917BB9F0F001BF43F /* Frameworks */ = {
			isa = PBXGroup;
			children = (
				3F03FE0A17BB9F0F001BF43F /* UIKit.framework */,
				3F03FE0C17BB9F0F001BF43F /* Foundation.framework */,
				3F03FE0E17BB9F0F001BF43F /* CoreGraphics.framework */,
				C170A358FC294A7B9D89B38E /* libPods-Example.a */,
			);
			name = Frameworks;
			sourceTree = "<group>";
		};
		3F03FE1017BB9F0F001BF43F /* Example */ = {
			isa = PBXGroup;
			children = (
				3F03FE1917BB9F0F001BF43F /* MTAppDelegate.h */,
				3F03FE1A17BB9F0F001BF43F /* MTAppDelegate.m */,
				3F03FE2217BB9F0F001BF43F /* MTViewController.h */,
				3F03FE2317BB9F0F001BF43F /* MTViewController.m */,
				3F03FE2517BB9F0F001BF43F /* MTViewController_iPhone.xib */,
				3F03FE2817BB9F0F001BF43F /* MTViewController_iPad.xib */,
				3F03FE1117BB9F0F001BF43F /* Supporting Files */,
				3F03FE3917BBA015001BF43F /* Resources */,
			);
			path = Example;
			sourceTree = "<group>";
		};
		3F03FE1117BB9F0F001BF43F /* Supporting Files */ = {
			isa = PBXGroup;
			children = (
				3F03FE1217BB9F0F001BF43F /* Example-Info.plist */,
				3F03FE1317BB9F0F001BF43F /* InfoPlist.strings */,
				3F03FE1617BB9F0F001BF43F /* main.m */,
				3F03FE1817BB9F0F001BF43F /* Example-Prefix.pch */,
				3F03FE1C17BB9F0F001BF43F /* Default.png */,
				3F03FE1E17BB9F0F001BF43F /* Default@2x.png */,
				3F03FE2017BB9F0F001BF43F /* Default-568h@2x.png */,
			);
			name = "Supporting Files";
			sourceTree = "<group>";
		};
		3F03FE3917BBA015001BF43F /* Resources */ = {
			isa = PBXGroup;
			children = (
				3F03FE3A17BBA015001BF43F /* icomoon.ttf */,
				3F03FE3C17BBAC81001BF43F /* Stencils.plist */,
			);
			path = Resources;
			sourceTree = "<group>";
		};
/* End PBXGroup section */

/* Begin PBXNativeTarget section */
		3F03FE0617BB9F0F001BF43F /* Example */ = {
			isa = PBXNativeTarget;
			buildConfigurationList = 3F03FE2D17BB9F0F001BF43F /* Build configuration list for PBXNativeTarget "Example" */;
			buildPhases = (
				5145D5F83E7E47168B11F17A /* Check Pods Manifest.lock */,
				3F03FE0317BB9F0F001BF43F /* Sources */,
				3F03FE0417BB9F0F001BF43F /* Frameworks */,
				3F03FE0517BB9F0F001BF43F /* Resources */,
				C1ADB7EC338047ACBE094EC9 /* Copy Pods Resources */,
			);
			buildRules = (
			);
			dependencies = (
			);
			name = Example;
			productName = Example;
			productReference = 3F03FE0717BB9F0F001BF43F /* Example.app */;
			productType = "com.apple.product-type.application";
		};
/* End PBXNativeTarget section */

/* Begin PBXProject section */
		3F03FDFF17BB9F0F001BF43F /* Project object */ = {
			isa = PBXProject;
			attributes = {
				CLASSPREFIX = MT;
				LastUpgradeCheck = 0460;
				ORGANIZATIONNAME = mokagio;
			};
			buildConfigurationList = 3F03FE0217BB9F0F001BF43F /* Build configuration list for PBXProject "Example" */;
			compatibilityVersion = "Xcode 3.2";
			developmentRegion = English;
			hasScannedForEncodings = 0;
			knownRegions = (
				en,
			);
			mainGroup = 3F03FDFE17BB9F0F001BF43F;
			productRefGroup = 3F03FE0817BB9F0F001BF43F /* Products */;
			projectDirPath = "";
			projectRoot = "";
			targets = (
				3F03FE0617BB9F0F001BF43F /* Example */,
			);
		};
/* End PBXProject section */

/* Begin PBXResourcesBuildPhase section */
		3F03FE0517BB9F0F001BF43F /* Resources */ = {
			isa = PBXResourcesBuildPhase;
			buildActionMask = 2147483647;
			files = (
				3F03FE1517BB9F0F001BF43F /* InfoPlist.strings in Resources */,
				3F03FE1D17BB9F0F001BF43F /* Default.png in Resources */,
				3F03FE1F17BB9F0F001BF43F /* Default@2x.png in Resources */,
				3F03FE2117BB9F0F001BF43F /* Default-568h@2x.png in Resources */,
				3F03FE2717BB9F0F001BF43F /* MTViewController_iPhone.xib in Resources */,
				3F03FE2A17BB9F0F001BF43F /* MTViewController_iPad.xib in Resources */,
				3F03FE3B17BBA015001BF43F /* icomoon.ttf in Resources */,
				3F03FE3D17BBAC81001BF43F /* Stencils.plist in Resources */,
			);
			runOnlyForDeploymentPostprocessing = 0;
		};
/* End PBXResourcesBuildPhase section */

/* Begin PBXShellScriptBuildPhase section */
		5145D5F83E7E47168B11F17A /* Check Pods Manifest.lock */ = {
			isa = PBXShellScriptBuildPhase;
			buildActionMask = 2147483647;
			files = (
			);
			inputPaths = (
			);
			name = "Check Pods Manifest.lock";
			outputPaths = (
			);
			runOnlyForDeploymentPostprocessing = 0;
			shellPath = /bin/sh;
			shellScript = "diff \"${PODS_ROOT}/../Podfile.lock\" \"${PODS_ROOT}/Manifest.lock\" > /dev/null\nif [[ $? != 0 ]] ; then\n    cat << EOM\nerror: The sandbox is not in sync with the Podfile.lock. Run 'pod install' or update your CocoaPods installation.\nEOM\n    exit 1\nfi\n";
			showEnvVarsInLog = 0;
		};
		C1ADB7EC338047ACBE094EC9 /* Copy Pods Resources */ = {
			isa = PBXShellScriptBuildPhase;
			buildActionMask = 2147483647;
			files = (
			);
			inputPaths = (
			);
			name = "Copy Pods Resources";
			outputPaths = (
			);
			runOnlyForDeploymentPostprocessing = 0;
			shellPath = /bin/sh;
			shellScript = "\"${SRCROOT}/../Pods/Pods-Example-resources.sh\"\n";
			showEnvVarsInLog = 0;
		};
/* End PBXShellScriptBuildPhase section */

/* Begin PBXSourcesBuildPhase section */
		3F03FE0317BB9F0F001BF43F /* Sources */ = {
			isa = PBXSourcesBuildPhase;
			buildActionMask = 2147483647;
			files = (
				3F03FE1717BB9F0F001BF43F /* main.m in Sources */,
				3F03FE1B17BB9F0F001BF43F /* MTAppDelegate.m in Sources */,
				3F03FE2417BB9F0F001BF43F /* MTViewController.m in Sources */,
			);
			runOnlyForDeploymentPostprocessing = 0;
		};
/* End PBXSourcesBuildPhase section */

/* Begin PBXVariantGroup section */
		3F03FE1317BB9F0F001BF43F /* InfoPlist.strings */ = {
			isa = PBXVariantGroup;
			children = (
				3F03FE1417BB9F0F001BF43F /* en */,
			);
			name = InfoPlist.strings;
			sourceTree = "<group>";
		};
		3F03FE2517BB9F0F001BF43F /* MTViewController_iPhone.xib */ = {
			isa = PBXVariantGroup;
			children = (
				3F03FE2617BB9F0F001BF43F /* en */,
			);
			name = MTViewController_iPhone.xib;
			sourceTree = "<group>";
		};
		3F03FE2817BB9F0F001BF43F /* MTViewController_iPad.xib */ = {
			isa = PBXVariantGroup;
			children = (
				3F03FE2917BB9F0F001BF43F /* en */,
			);
			name = MTViewController_iPad.xib;
			sourceTree = "<group>";
		};
/* End PBXVariantGroup section */

/* Begin XCBuildConfiguration section */
		3F03FE2B17BB9F0F001BF43F /* Debug */ = {
			isa = XCBuildConfiguration;
			buildSettings = {
				ALWAYS_SEARCH_USER_PATHS = NO;
				CLANG_CXX_LANGUAGE_STANDARD = "gnu++0x";
				CLANG_CXX_LIBRARY = "libc++";
				CLANG_ENABLE_OBJC_ARC = YES;
				CLANG_WARN_CONSTANT_CONVERSION = YES;
				CLANG_WARN_EMPTY_BODY = YES;
				CLANG_WARN_ENUM_CONVERSION = YES;
				CLANG_WARN_INT_CONVERSION = YES;
				CLANG_WARN__DUPLICATE_METHOD_MATCH = YES;
				"CODE_SIGN_IDENTITY[sdk=iphoneos*]" = "iPhone Developer";
				COPY_PHASE_STRIP = NO;
				GCC_C_LANGUAGE_STANDARD = gnu99;
				GCC_DYNAMIC_NO_PIC = NO;
				GCC_OPTIMIZATION_LEVEL = 0;
				GCC_PREPROCESSOR_DEFINITIONS = (
					"DEBUG=1",
					"$(inherited)",
				);
				GCC_SYMBOLS_PRIVATE_EXTERN = NO;
				GCC_WARN_ABOUT_RETURN_TYPE = YES;
				GCC_WARN_UNINITIALIZED_AUTOS = YES;
				GCC_WARN_UNUSED_VARIABLE = YES;
				IPHONEOS_DEPLOYMENT_TARGET = 6.1;
				ONLY_ACTIVE_ARCH = YES;
				SDKROOT = iphoneos;
				TARGETED_DEVICE_FAMILY = "1,2";
			};
			name = Debug;
		};
		3F03FE2C17BB9F0F001BF43F /* Release */ = {
			isa = XCBuildConfiguration;
			buildSettings = {
				ALWAYS_SEARCH_USER_PATHS = NO;
				CLANG_CXX_LANGUAGE_STANDARD = "gnu++0x";
				CLANG_CXX_LIBRARY = "libc++";
				CLANG_ENABLE_OBJC_ARC = YES;
				CLANG_WARN_CONSTANT_CONVERSION = YES;
				CLANG_WARN_EMPTY_BODY = YES;
				CLANG_WARN_ENUM_CONVERSION = YES;
				CLANG_WARN_INT_CONVERSION = YES;
				CLANG_WARN__DUPLICATE_METHOD_MATCH = YES;
				"CODE_SIGN_IDENTITY[sdk=iphoneos*]" = "iPhone Developer";
				COPY_PHASE_STRIP = YES;
				GCC_C_LANGUAGE_STANDARD = gnu99;
				GCC_WARN_ABOUT_RETURN_TYPE = YES;
				GCC_WARN_UNINITIALIZED_AUTOS = YES;
				GCC_WARN_UNUSED_VARIABLE = YES;
				IPHONEOS_DEPLOYMENT_TARGET = 6.1;
				OTHER_CFLAGS = "-DNS_BLOCK_ASSERTIONS=1";
				SDKROOT = iphoneos;
				TARGETED_DEVICE_FAMILY = "1,2";
				VALIDATE_PRODUCT = YES;
			};
			name = Release;
		};
		3F03FE2E17BB9F0F001BF43F /* Debug */ = {
			isa = XCBuildConfiguration;
			baseConfigurationReference = 1B1B3D236A3A4995BA9162C8 /* Pods-Example.xcconfig */;
			buildSettings = {
				GCC_PRECOMPILE_PREFIX_HEADER = YES;
				GCC_PREFIX_HEADER = "Example/Example-Prefix.pch";
				INFOPLIST_FILE = "Example/Example-Info.plist";
				PRODUCT_NAME = "$(TARGET_NAME)";
				WRAPPER_EXTENSION = app;
			};
			name = Debug;
		};
		3F03FE2F17BB9F0F001BF43F /* Release */ = {
			isa = XCBuildConfiguration;
			baseConfigurationReference = 1B1B3D236A3A4995BA9162C8 /* Pods-Example.xcconfig */;
			buildSettings = {
				GCC_PRECOMPILE_PREFIX_HEADER = YES;
				GCC_PREFIX_HEADER = "Example/Example-Prefix.pch";
				INFOPLIST_FILE = "Example/Example-Info.plist";
				PRODUCT_NAME = "$(TARGET_NAME)";
				WRAPPER_EXTENSION = app;
			};
			name = Release;
		};
/* End XCBuildConfiguration section */

/* Begin XCConfigurationList section */
		3F03FE0217BB9F0F001BF43F /* Build configuration list for PBXProject "Example" */ = {
			isa = XCConfigurationList;
			buildConfigurations = (
				3F03FE2B17BB9F0F001BF43F /* Debug */,
				3F03FE2C17BB9F0F001BF43F /* Release */,
			);
			defaultConfigurationIsVisible = 0;
			defaultConfigurationName = Release;
		};
		3F03FE2D17BB9F0F001BF43F /* Build configuration list for PBXNativeTarget "Example" */ = {
			isa = XCConfigurationList;
			buildConfigurations = (
				3F03FE2E17BB9F0F001BF43F /* Debug */,
				3F03FE2F17BB9F0F001BF43F /* Release */,
			);
			defaultConfigurationIsVisible = 0;
			defaultConfigurationName = Release;
		};
/* End XCConfigurationList section */
	};
	rootObject = 3F03FDFF17BB9F0F001BF43F /* Project object */;
}
