// !$*UTF8*$!
{
	archiveVersion = 1;
	classes = {
	};
	objectVersion = 54;
	objects = {

/* Begin PBXBuildFile section */
		3F03FE0B17BB9F0F001BF43F /* UIKit.framework in Frameworks */ = {isa = PBXBuildFile; fileRef = 3F03FE0A17BB9F0F001BF43F /* UIKit.framework */; };
		3F03FE0D17BB9F0F001BF43F /* Foundation.framework in Frameworks */ = {isa = PBXBuildFile; fileRef = 3F03FE0C17BB9F0F001BF43F /* Foundation.framework */; };
		3F03FE0F17BB9F0F001BF43F /* CoreGraphics.framework in Frameworks */ = {isa = PBXBuildFile; fileRef = 3F03FE0E17BB9F0F001BF43F /* CoreGraphics.framework */; };
		3F03FE1517BB9F0F001BF43F /* InfoPlist.strings in Resources */ = {isa = PBXBuildFile; fileRef = 3F03FE1317BB9F0F001BF43F /* InfoPlist.strings */; };
		3F03FE1717BB9F0F001BF43F /* main.m in Sources */ = {isa = PBXBuildFile; fileRef = 3F03FE1617BB9F0F001BF43F /* main.m */; };
		3F03FE1B17BB9F0F001BF43F /* MTAppDelegate.m in Sources */ = {isa = PBXBuildFile; fileRef = 3F03FE1A17BB9F0F001BF43F /* MTAppDelegate.m */; };
		3F03FE1D17BB9F0F001BF43F /* Default.png in Resources */ = {isa = PBXBuildFile; fileRef = 3F03FE1C17BB9F0F001BF43F /* Default.png */; };
		3F03FE1F17BB9F0F001BF43F /* Default@2x.png in Resources */ = {isa = PBXBuildFile; fileRef = 3F03FE1E17BB9F0F001BF43F /* Default@2x.png */; };
		3F03FE2117BB9F0F001BF43F /* Default-568h@2x.png in Resources */ = {isa = PBXBuildFile; fileRef = 3F03FE2017BB9F0F001BF43F /* Default-568h@2x.png */; };
		3F5E30AF19054DFA00279D8B /* NSArray+Shuffle.m in Sources */ = {isa = PBXBuildFile; fileRef = 3F5E30AE19054DFA00279D8B /* NSArray+Shuffle.m */; };
		3FB270AA1901B9DC0073D360 /* IconsExampleViewController.m in Sources */ = {isa = PBXBuildFile; fileRef = 3FB270A91901B9DC0073D360 /* IconsExampleViewController.m */; };
		3FB270AE1901D1D00073D360 /* TempViewController.m in Sources */ = {isa = PBXBuildFile; fileRef = 3FB270AC1901D1D00073D360 /* TempViewController.m */; };
		3FB270AF1901D1D00073D360 /* TempViewController.xib in Resources */ = {isa = PBXBuildFile; fileRef = 3FB270AD1901D1D00073D360 /* TempViewController.xib */; };
		3FB9C963190523D200096E57 /* icomoon.ttf in Resources */ = {isa = PBXBuildFile; fileRef = 3FB9C961190523D200096E57 /* icomoon.ttf */; };
		3FB9C964190523D200096E57 /* Stencils.plist in Resources */ = {isa = PBXBuildFile; fileRef = 3FB9C962190523D200096E57 /* Stencils.plist */; };
		9945DBF06DE6D954D9F103E7 /* Pods_Example.framework in Frameworks */ = {isa = PBXBuildFile; fileRef = FED923722E7845E6944D0125 /* Pods_Example.framework */; };
/* End PBXBuildFile section */

/* Begin PBXFileReference section */
		2A4D3CB93B23D72DD4D0E684 /* Pods-Example.debug.xcconfig */ = {isa = PBXFileReference; includeInIndex = 1; lastKnownFileType = text.xcconfig; name = "Pods-Example.debug.xcconfig"; path = "Target Support Files/Pods-Example/Pods-Example.debug.xcconfig"; sourceTree = "<group>"; };
		3F03FE0717BB9F0F001BF43F /* Example.app */ = {isa = PBXFileReference; explicitFileType = wrapper.application; includeInIndex = 0; path = Example.app; sourceTree = BUILT_PRODUCTS_DIR; };
		3F03FE0A17BB9F0F001BF43F /* UIKit.framework */ = {isa = PBXFileReference; lastKnownFileType = wrapper.framework; name = UIKit.framework; path = System/Library/Frameworks/UIKit.framework; sourceTree = SDKROOT; };
		3F03FE0C17BB9F0F001BF43F /* Foundation.framework */ = {isa = PBXFileReference; lastKnownFileType = wrapper.framework; name = Foundation.framework; path = System/Library/Frameworks/Foundation.framework; sourceTree = SDKROOT; };
		3F03FE0E17BB9F0F001BF43F /* CoreGraphics.framework */ = {isa = PBXFileReference; lastKnownFileType = wrapper.framework; name = CoreGraphics.framework; path = System/Library/Frameworks/CoreGraphics.framework; sourceTree = SDKROOT; };
		3F03FE1217BB9F0F001BF43F /* Example-Info.plist */ = {isa = PBXFileReference; lastKnownFileType = text.plist.xml; path = "Example-Info.plist"; sourceTree = "<group>"; };
		3F03FE1417BB9F0F001BF43F /* en */ = {isa = PBXFileReference; lastKnownFileType = text.plist.strings; name = en; path = en.lproj/InfoPlist.strings; sourceTree = "<group>"; };
		3F03FE1617BB9F0F001BF43F /* main.m */ = {isa = PBXFileReference; lastKnownFileType = sourcecode.c.objc; path = main.m; sourceTree = "<group>"; };
		3F03FE1817BB9F0F001BF43F /* Example-Prefix.pch */ = {isa = PBXFileReference; lastKnownFileType = sourcecode.c.h; path = "Example-Prefix.pch"; sourceTree = "<group>"; };
		3F03FE1917BB9F0F001BF43F /* MTAppDelegate.h */ = {isa = PBXFileReference; lastKnownFileType = sourcecode.c.h; path = MTAppDelegate.h; sourceTree = "<group>"; };
		3F03FE1A17BB9F0F001BF43F /* MTAppDelegate.m */ = {isa = PBXFileReference; lastKnownFileType = sourcecode.c.objc; path = MTAppDelegate.m; sourceTree = "<group>"; };
		3F03FE1C17BB9F0F001BF43F /* Default.png */ = {isa = PBXFileReference; lastKnownFileType = image.png; path = Default.png; sourceTree = "<group>"; };
		3F03FE1E17BB9F0F001BF43F /* Default@2x.png */ = {isa = PBXFileReference; lastKnownFileType = image.png; path = "Default@2x.png"; sourceTree = "<group>"; };
		3F03FE2017BB9F0F001BF43F /* Default-568h@2x.png */ = {isa = PBXFileReference; lastKnownFileType = image.png; path = "Default-568h@2x.png"; sourceTree = "<group>"; };
		3F5E30AD19054DFA00279D8B /* NSArray+Shuffle.h */ = {isa = PBXFileReference; fileEncoding = 4; lastKnownFileType = sourcecode.c.h; path = "NSArray+Shuffle.h"; sourceTree = "<group>"; };
		3F5E30AE19054DFA00279D8B /* NSArray+Shuffle.m */ = {isa = PBXFileReference; fileEncoding = 4; lastKnownFileType = sourcecode.c.objc; path = "NSArray+Shuffle.m"; sourceTree = "<group>"; };
		3FB270A81901B9DC0073D360 /* IconsExampleViewController.h */ = {isa = PBXFileReference; fileEncoding = 4; lastKnownFileType = sourcecode.c.h; path = IconsExampleViewController.h; sourceTree = "<group>"; };
		3FB270A91901B9DC0073D360 /* IconsExampleViewController.m */ = {isa = PBXFileReference; fileEncoding = 4; lastKnownFileType = sourcecode.c.objc; path = IconsExampleViewController.m; sourceTree = "<group>"; };
		3FB270AB1901D1D00073D360 /* TempViewController.h */ = {isa = PBXFileReference; fileEncoding = 4; lastKnownFileType = sourcecode.c.h; path = TempViewController.h; sourceTree = "<group>"; };
		3FB270AC1901D1D00073D360 /* TempViewController.m */ = {isa = PBXFileReference; fileEncoding = 4; lastKnownFileType = sourcecode.c.objc; path = TempViewController.m; sourceTree = "<group>"; };
		3FB270AD1901D1D00073D360 /* TempViewController.xib */ = {isa = PBXFileReference; fileEncoding = 4; lastKnownFileType = file.xib; path = TempViewController.xib; sourceTree = "<group>"; };
		3FB9C961190523D200096E57 /* icomoon.ttf */ = {isa = PBXFileReference; lastKnownFileType = file; path = icomoon.ttf; sourceTree = "<group>"; };
		3FB9C962190523D200096E57 /* Stencils.plist */ = {isa = PBXFileReference; fileEncoding = 4; lastKnownFileType = text.plist.xml; path = Stencils.plist; sourceTree = "<group>"; };
		E36507AFC0B8C9207EB21288 /* Pods-Example.release.xcconfig */ = {isa = PBXFileReference; includeInIndex = 1; lastKnownFileType = text.xcconfig; name = "Pods-Example.release.xcconfig"; path = "Target Support Files/Pods-Example/Pods-Example.release.xcconfig"; sourceTree = "<group>"; };
		FED923722E7845E6944D0125 /* Pods_Example.framework */ = {isa = PBXFileReference; explicitFileType = wrapper.framework; includeInIndex = 0; path = Pods_Example.framework; sourceTree = BUILT_PRODUCTS_DIR; };
/* End PBXFileReference section */

/* Begin PBXFrameworksBuildPhase section */
		3F03FE0417BB9F0F001BF43F /* Frameworks */ = {
			isa = PBXFrameworksBuildPhase;
			buildActionMask = 2147483647;
			files = (
				3F03FE0B17BB9F0F001BF43F /* UIKit.framework in Frameworks */,
				3F03FE0D17BB9F0F001BF43F /* Foundation.framework in Frameworks */,
				3F03FE0F17BB9F0F001BF43F /* CoreGraphics.framework in Frameworks */,
				9945DBF06DE6D954D9F103E7 /* Pods_Example.framework in Frameworks */,
			);
			runOnlyForDeploymentPostprocessing = 0;
		};
/* End PBXFrameworksBuildPhase section */

/* Begin PBXGroup section */
		3F03FDFE17BB9F0F001BF43F = {
			isa = PBXGroup;
			children = (
				3F03FE1017BB9F0F001BF43F /* Example */,
				3F03FE0917BB9F0F001BF43F /* Frameworks */,
				3F03FE0817BB9F0F001BF43F /* Products */,
				7352D91F89A868D3D4C1B1E7 /* Pods */,
			);
			sourceTree = "<group>";
		};
		3F03FE0817BB9F0F001BF43F /* Products */ = {
			isa = PBXGroup;
			children = (
				3F03FE0717BB9F0F001BF43F /* Example.app */,
			);
			name = Products;
			sourceTree = "<group>";
		};
		3F03FE0917BB9F0F001BF43F /* Frameworks */ = {
			isa = PBXGroup;
			children = (
				3F03FE0A17BB9F0F001BF43F /* UIKit.framework */,
				3F03FE0C17BB9F0F001BF43F /* Foundation.framework */,
				3F03FE0E17BB9F0F001BF43F /* CoreGraphics.framework */,
				FED923722E7845E6944D0125 /* Pods_Example.framework */,
			);
			name = Frameworks;
			sourceTree = "<group>";
		};
		3F03FE1017BB9F0F001BF43F /* Example */ = {
			isa = PBXGroup;
			children = (
				3FB270A81901B9DC0073D360 /* IconsExampleViewController.h */,
				3FB270A91901B9DC0073D360 /* IconsExampleViewController.m */,
				3F03FE1917BB9F0F001BF43F /* MTAppDelegate.h */,
				3F03FE1A17BB9F0F001BF43F /* MTAppDelegate.m */,
				3F03FE3917BBA015001BF43F /* Resources */,
				3F03FE1117BB9F0F001BF43F /* Supporting Files */,
				3FB270AB1901D1D00073D360 /* TempViewController.h */,
				3FB270AC1901D1D00073D360 /* TempViewController.m */,
				3FB270AD1901D1D00073D360 /* TempViewController.xib */,
				3F5E30AD19054DFA00279D8B /* NSArray+Shuffle.h */,
				3F5E30AE19054DFA00279D8B /* NSArray+Shuffle.m */,
			);
			path = Example;
			sourceTree = "<group>";
		};
		3F03FE1117BB9F0F001BF43F /* Supporting Files */ = {
			isa = PBXGroup;
			children = (
				3F03FE1217BB9F0F001BF43F /* Example-Info.plist */,
				3F03FE1317BB9F0F001BF43F /* InfoPlist.strings */,
				3F03FE1617BB9F0F001BF43F /* main.m */,
				3F03FE1817BB9F0F001BF43F /* Example-Prefix.pch */,
				3F03FE1C17BB9F0F001BF43F /* Default.png */,
				3F03FE1E17BB9F0F001BF43F /* Default@2x.png */,
				3F03FE2017BB9F0F001BF43F /* Default-568h@2x.png */,
			);
			name = "Supporting Files";
			sourceTree = "<group>";
		};
		3F03FE3917BBA015001BF43F /* Resources */ = {
			isa = PBXGroup;
			children = (
				3FB9C961190523D200096E57 /* icomoon.ttf */,
				3FB9C962190523D200096E57 /* Stencils.plist */,
			);
			path = Resources;
			sourceTree = "<group>";
		};
		7352D91F89A868D3D4C1B1E7 /* Pods */ = {
			isa = PBXGroup;
			children = (
				2A4D3CB93B23D72DD4D0E684 /* Pods-Example.debug.xcconfig */,
				E36507AFC0B8C9207EB21288 /* Pods-Example.release.xcconfig */,
			);
			name = Pods;
			path = ../Pods;
			sourceTree = "<group>";
		};
/* End PBXGroup section */

/* Begin PBXNativeTarget section */
		3F03FE0617BB9F0F001BF43F /* Example */ = {
			isa = PBXNativeTarget;
			buildConfigurationList = 3F03FE2D17BB9F0F001BF43F /* Build configuration list for PBXNativeTarget "Example" */;
			buildPhases = (
				C5D974FA3226BA7ED7DAB764 /* [CP] Check Pods Manifest.lock */,
				3F03FE0317BB9F0F001BF43F /* Sources */,
				3F03FE0417BB9F0F001BF43F /* Frameworks */,
				3F03FE0517BB9F0F001BF43F /* Resources */,
				8B19B7514BE583122E3FD9BF /* [CP] Embed Pods Frameworks */,
			);
			buildRules = (
			);
			dependencies = (
			);
			name = Example;
			productName = Example;
			productReference = 3F03FE0717BB9F0F001BF43F /* Example.app */;
			productType = "com.apple.product-type.application";
		};
/* End PBXNativeTarget section */

/* Begin PBXProject section */
		3F03FDFF17BB9F0F001BF43F /* Project object */ = {
			isa = PBXProject;
			attributes = {
				BuildIndependentTargetsInParallel = YES;
				CLASSPREFIX = MT;
				LastUpgradeCheck = 1500;
				ORGANIZATIONNAME = mokagio;
			};
			buildConfigurationList = 3F03FE0217BB9F0F001BF43F /* Build configuration list for PBXProject "Example" */;
			compatibilityVersion = "Xcode 3.2";
			developmentRegion = English;
			hasScannedForEncodings = 0;
			knownRegions = (
				English,
				en,
			);
			mainGroup = 3F03FDFE17BB9F0F001BF43F;
			productRefGroup = 3F03FE0817BB9F0F001BF43F /* Products */;
			projectDirPath = "";
			projectRoot = "";
			targets = (
				3F03FE0617BB9F0F001BF43F /* Example */,
			);
		};
/* End PBXProject section */

/* Begin PBXResourcesBuildPhase section */
		3F03FE0517BB9F0F001BF43F /* Resources */ = {
			isa = PBXResourcesBuildPhase;
			buildActionMask = 2147483647;
			files = (
				3F03FE1517BB9F0F001BF43F /* InfoPlist.strings in Resources */,
				3FB9C964190523D200096E57 /* Stencils.plist in Resources */,
				3F03FE1D17BB9F0F001BF43F /* Default.png in Resources */,
				3F03FE1F17BB9F0F001BF43F /* Default@2x.png in Resources */,
				3FB9C963190523D200096E57 /* icomoon.ttf in Resources */,
				3F03FE2117BB9F0F001BF43F /* Default-568h@2x.png in Resources */,
				3FB270AF1901D1D00073D360 /* TempViewController.xib in Resources */,
			);
			runOnlyForDeploymentPostprocessing = 0;
		};
/* End PBXResourcesBuildPhase section */

/* Begin PBXShellScriptBuildPhase section */
		8B19B7514BE583122E3FD9BF /* [CP] Embed Pods Frameworks */ = {
			isa = PBXShellScriptBuildPhase;
			buildActionMask = 2147483647;
			files = (
			);
			inputPaths = (
				"${PODS_ROOT}/Target Support Files/Pods-Example/Pods-Example-frameworks.sh",
				"${BUILT_PRODUCTS_DIR}/Stencils/Stencils.framework",
				"${BUILT_PRODUCTS_DIR}/OpenSans/OpenSans.framework",
				"${BUILT_PRODUCTS_DIR}/UIColor+FlatColors/UIColor_FlatColors.framework",
			);
			name = "[CP] Embed Pods Frameworks";
			outputPaths = (
				"${TARGET_BUILD_DIR}/${FRAMEWORKS_FOLDER_PATH}/Stencils.framework",
				"${TARGET_BUILD_DIR}/${FRAMEWORKS_FOLDER_PATH}/OpenSans.framework",
				"${TARGET_BUILD_DIR}/${FRAMEWORKS_FOLDER_PATH}/UIColor_FlatColors.framework",
			);
			runOnlyForDeploymentPostprocessing = 0;
			shellPath = /bin/sh;
			shellScript = "\"${PODS_ROOT}/Target Support Files/Pods-Example/Pods-Example-frameworks.sh\"\n";
			showEnvVarsInLog = 0;
		};
		C5D974FA3226BA7ED7DAB764 /* [CP] Check Pods Manifest.lock */ = {
			isa = PBXShellScriptBuildPhase;
			buildActionMask = 2147483647;
			files = (
			);
			inputFileListPaths = (
			);
			inputPaths = (
				"${PODS_PODFILE_DIR_PATH}/Podfile.lock",
				"${PODS_ROOT}/Manifest.lock",
			);
			name = "[CP] Check Pods Manifest.lock";
			outputFileListPaths = (
			);
			outputPaths = (
				"$(DERIVED_FILE_DIR)/Pods-Example-checkManifestLockResult.txt",
			);
			runOnlyForDeploymentPostprocessing = 0;
			shellPath = /bin/sh;
			shellScript = "diff \"${PODS_PODFILE_DIR_PATH}/Podfile.lock\" \"${PODS_ROOT}/Manifest.lock\" > /dev/null\nif [ $? != 0 ] ; then\n    # print error to STDERR\n    echo \"error: The sandbox is not in sync with the Podfile.lock. Run 'pod install' or update your CocoaPods installation.\" >&2\n    exit 1\nfi\n# This output is used by Xcode 'outputs' to avoid re-running this script phase.\necho \"SUCCESS\" > \"${SCRIPT_OUTPUT_FILE_0}\"\n";
			showEnvVarsInLog = 0;
		};
/* End PBXShellScriptBuildPhase section */

/* Begin PBXSourcesBuildPhase section */
		3F03FE0317BB9F0F001BF43F /* Sources */ = {
			isa = PBXSourcesBuildPhase;
			buildActionMask = 2147483647;
			files = (
				3FB270AE1901D1D00073D360 /* TempViewController.m in Sources */,
				3F03FE1717BB9F0F001BF43F /* main.m in Sources */,
				3F5E30AF19054DFA00279D8B /* NSArray+Shuffle.m in Sources */,
				3F03FE1B17BB9F0F001BF43F /* MTAppDelegate.m in Sources */,
				3FB270AA1901B9DC0073D360 /* IconsExampleViewController.m in Sources */,
			);
			runOnlyForDeploymentPostprocessing = 0;
		};
/* End PBXSourcesBuildPhase section */

/* Begin PBXVariantGroup section */
		3F03FE1317BB9F0F001BF43F /* InfoPlist.strings */ = {
			isa = PBXVariantGroup;
			children = (
				3F03FE1417BB9F0F001BF43F /* en */,
			);
			name = InfoPlist.strings;
			sourceTree = "<group>";
		};
/* End PBXVariantGroup section */

/* Begin XCBuildConfiguration section */
		3F03FE2B17BB9F0F001BF43F /* Debug */ = {
			isa = XCBuildConfiguration;
			buildSettings = {
				ALWAYS_SEARCH_USER_PATHS = NO;
				CLANG_ANALYZER_LOCALIZABILITY_NONLOCALIZED = YES;
				CLANG_CXX_LANGUAGE_STANDARD = "gnu++0x";
				CLANG_CXX_LIBRARY = "libc++";
				CLANG_ENABLE_OBJC_ARC = YES;
				CLANG_WARN_BLOCK_CAPTURE_AUTORELEASING = YES;
				CLANG_WARN_BOOL_CONVERSION = YES;
				CLANG_WARN_COMMA = YES;
				CLANG_WARN_CONSTANT_CONVERSION = YES;
				CLANG_WARN_DEPRECATED_OBJC_IMPLEMENTATIONS = YES;
				CLANG_WARN_EMPTY_BODY = YES;
				CLANG_WARN_ENUM_CONVERSION = YES;
				CLANG_WARN_INFINITE_RECURSION = YES;
				CLANG_WARN_INT_CONVERSION = YES;
				CLANG_WARN_NON_LITERAL_NULL_CONVERSION = YES;
				CLANG_WARN_OBJC_IMPLICIT_RETAIN_SELF = YES;
				CLANG_WARN_OBJC_LITERAL_CONVERSION = YES;
				CLANG_WARN_QUOTED_INCLUDE_IN_FRAMEWORK_HEADER = YES;
				CLANG_WARN_RANGE_LOOP_ANALYSIS = YES;
				CLANG_WARN_STRICT_PROTOTYPES = YES;
				CLANG_WARN_SUSPICIOUS_MOVE = YES;
				CLANG_WARN_UNREACHABLE_CODE = YES;
				CLANG_WARN__DUPLICATE_METHOD_MATCH = YES;
				"CODE_SIGN_IDENTITY[sdk=iphoneos*]" = "iPhone Developer";
				COPY_PHASE_STRIP = NO;
				ENABLE_STRICT_OBJC_MSGSEND = YES;
				ENABLE_TESTABILITY = YES;
				GCC_C_LANGUAGE_STANDARD = gnu99;
				GCC_DYNAMIC_NO_PIC = NO;
				GCC_NO_COMMON_BLOCKS = YES;
				GCC_OPTIMIZATION_LEVEL = 0;
				GCC_PREPROCESSOR_DEFINITIONS = (
					"DEBUG=1",
					"$(inherited)",
				);
				GCC_SYMBOLS_PRIVATE_EXTERN = NO;
				GCC_WARN_64_TO_32_BIT_CONVERSION = YES;
				GCC_WARN_ABOUT_RETURN_TYPE = YES;
				GCC_WARN_UNDECLARED_SELECTOR = YES;
				GCC_WARN_UNINITIALIZED_AUTOS = YES;
				GCC_WARN_UNUSED_FUNCTION = YES;
				GCC_WARN_UNUSED_VARIABLE = YES;
				IPHONEOS_DEPLOYMENT_TARGET = 12.0;
				ONLY_ACTIVE_ARCH = YES;
				SDKROOT = iphoneos;
				TARGETED_DEVICE_FAMILY = "1,2";
			};
			name = Debug;
		};
		3F03FE2C17BB9F0F001BF43F /* Release */ = {
			isa = XCBuildConfiguration;
			buildSettings = {
				ALWAYS_SEARCH_USER_PATHS = NO;
				CLANG_ANALYZER_LOCALIZABILITY_NONLOCALIZED = YES;
				CLANG_CXX_LANGUAGE_STANDARD = "gnu++0x";
				CLANG_CXX_LIBRARY = "libc++";
				CLANG_ENABLE_OBJC_ARC = YES;
				CLANG_WARN_BLOCK_CAPTURE_AUTORELEASING = YES;
				CLANG_WARN_BOOL_CONVERSION = YES;
				CLANG_WARN_COMMA = YES;
				CLANG_WARN_CONSTANT_CONVERSION = YES;
				CLANG_WARN_DEPRECATED_OBJC_IMPLEMENTATIONS = YES;
				CLANG_WARN_EMPTY_BODY = YES;
				CLANG_WARN_ENUM_CONVERSION = YES;
				CLANG_WARN_INFINITE_RECURSION = YES;
				CLANG_WARN_INT_CONVERSION = YES;
				CLANG_WARN_NON_LITERAL_NULL_CONVERSION = YES;
				CLANG_WARN_OBJC_IMPLICIT_RETAIN_SELF = YES;
				CLANG_WARN_OBJC_LITERAL_CONVERSION = YES;
				CLANG_WARN_QUOTED_INCLUDE_IN_FRAMEWORK_HEADER = YES;
				CLANG_WARN_RANGE_LOOP_ANALYSIS = YES;
				CLANG_WARN_STRICT_PROTOTYPES = YES;
				CLANG_WARN_SUSPICIOUS_MOVE = YES;
				CLANG_WARN_UNREACHABLE_CODE = YES;
				CLANG_WARN__DUPLICATE_METHOD_MATCH = YES;
				"CODE_SIGN_IDENTITY[sdk=iphoneos*]" = "iPhone Developer";
				COPY_PHASE_STRIP = YES;
				ENABLE_STRICT_OBJC_MSGSEND = YES;
				GCC_C_LANGUAGE_STANDARD = gnu99;
				GCC_NO_COMMON_BLOCKS = YES;
				GCC_WARN_64_TO_32_BIT_CONVERSION = YES;
				GCC_WARN_ABOUT_RETURN_TYPE = YES;
				GCC_WARN_UNDECLARED_SELECTOR = YES;
				GCC_WARN_UNINITIALIZED_AUTOS = YES;
				GCC_WARN_UNUSED_FUNCTION = YES;
				GCC_WARN_UNUSED_VARIABLE = YES;
				IPHONEOS_DEPLOYMENT_TARGET = 12.0;
				OTHER_CFLAGS = "-DNS_BLOCK_ASSERTIONS=1";
				SDKROOT = iphoneos;
				TARGETED_DEVICE_FAMILY = "1,2";
				VALIDATE_PRODUCT = YES;
			};
			name = Release;
		};
		3F03FE2E17BB9F0F001BF43F /* Debug */ = {
			isa = XCBuildConfiguration;
			baseConfigurationReference = 2A4D3CB93B23D72DD4D0E684 /* Pods-Example.debug.xcconfig */;
			buildSettings = {
				CLANG_ENABLE_MODULES = YES;
				GCC_PRECOMPILE_PREFIX_HEADER = YES;
				GCC_PREFIX_HEADER = "Example/Example-Prefix.pch";
				INFOPLIST_FILE = "Example/Example-Info.plist";
				PRODUCT_BUNDLE_IDENTIFIER = "com.stencils.ios.${PRODUCT_NAME:rfc1034identifier}";
				PRODUCT_NAME = "$(TARGET_NAME)";
				WRAPPER_EXTENSION = app;
			};
			name = Debug;
		};
		3F03FE2F17BB9F0F001BF43F /* Release */ = {
			isa = XCBuildConfiguration;
			baseConfigurationReference = E36507AFC0B8C9207EB21288 /* Pods-Example.release.xcconfig */;
			buildSettings = {
				CLANG_ENABLE_MODULES = YES;
				GCC_PRECOMPILE_PREFIX_HEADER = YES;
				GCC_PREFIX_HEADER = "Example/Example-Prefix.pch";
				INFOPLIST_FILE = "Example/Example-Info.plist";
				PRODUCT_BUNDLE_IDENTIFIER = "com.stencils.ios.${PRODUCT_NAME:rfc1034identifier}";
				PRODUCT_NAME = "$(TARGET_NAME)";
				WRAPPER_EXTENSION = app;
			};
			name = Release;
		};
/* End XCBuildConfiguration section */

/* Begin XCConfigurationList section */
		3F03FE0217BB9F0F001BF43F /* Build configuration list for PBXProject "Example" */ = {
			isa = XCConfigurationList;
			buildConfigurations = (
				3F03FE2B17BB9F0F001BF43F /* Debug */,
				3F03FE2C17BB9F0F001BF43F /* Release */,
			);
			defaultConfigurationIsVisible = 0;
			defaultConfigurationName = Release;
		};
		3F03FE2D17BB9F0F001BF43F /* Build configuration list for PBXNativeTarget "Example" */ = {
			isa = XCConfigurationList;
			buildConfigurations = (
				3F03FE2E17BB9F0F001BF43F /* Debug */,
				3F03FE2F17BB9F0F001BF43F /* Release */,
			);
			defaultConfigurationIsVisible = 0;
			defaultConfigurationName = Release;
		};
/* End XCConfigurationList section */
	};
	rootObject = 3F03FDFF17BB9F0F001BF43F /* Project object */;
}
